
Microsoft Visual Studio Solution File, Format Version 12.00
# Visual Studio Version 16
VisualStudioVersion = 16.0.30523.141
MinimumVisualStudioVersion = 10.0.40219.1
Project("{9A19103F-16F7-4668-BE54-9A1E7A4F7556}") = "Module 1", "PR.Patients\Module 1.csproj", "{E7090020-E1C4-4F7D-8C7B-F06F2698866F}"
EndProject
Project("{9A19103F-16F7-4668-BE54-9A1E7A4F7556}") = "Client", "PR.Client\Client.csproj", "{9FB204D3-5DD7-45D0-9B6F-486D013D6D0D}"
EndProject
Project("{FAE04EC0-301F-11D3-BF4B-00C04F79EFBC}") = "Notifications", "Notifications\Notifications.csproj", "{F2838B03-C256-4C4C-ACD4-802ADF6037DC}"
EndProject
Global
	GlobalSection(SolutionConfigurationPlatforms) = preSolution
		Debug|Any CPU = Debug|Any CPU
		Release|Any CPU = Release|Any CPU
	EndGlobalSection
	GlobalSection(ProjectConfigurationPlatforms) = postSolution
		{E7090020-E1C4-4F7D-8C7B-F06F2698866F}.Debug|Any CPU.ActiveCfg = Debug|Any CPU
		{E7090020-E1C4-4F7D-8C7B-F06F2698866F}.Debug|Any CPU.Build.0 = Debug|Any CPU
		{E7090020-E1C4-4F7D-8C7B-F06F2698866F}.Release|Any CPU.ActiveCfg = Release|Any CPU
		{E7090020-E1C4-4F7D-8C7B-F06F2698866F}.Release|Any CPU.Build.0 = Release|Any CPU
		{9FB204D3-5DD7-45D0-9B6F-486D013D6D0D}.Debug|Any CPU.ActiveCfg = Debug|Any CPU
		{9FB204D3-5DD7-45D0-9B6F-486D013D6D0D}.Debug|Any CPU.Build.0 = Debug|Any CPU
		{9FB204D3-5DD7-45D0-9B6F-486D013D6D0D}.Release|Any CPU.ActiveCfg = Release|Any CPU
		{9FB204D3-5DD7-45D0-9B6F-486D013D6D0D}.Release|Any CPU.Build.0 = Release|Any CPU
		{F2838B03-C256-4C4C-ACD4-802ADF6037DC}.Debug|Any CPU.ActiveCfg = Debug|Any CPU
		{F2838B03-C256-4C4C-ACD4-802ADF6037DC}.Debug|Any CPU.Build.0 = Debug|Any CPU
		{F2838B03-C256-4C4C-ACD4-802ADF6037DC}.Release|Any CPU.ActiveCfg = Release|Any CPU
		{F2838B03-C256-4C4C-ACD4-802ADF6037DC}.Release|Any CPU.Build.0 = Release|Any CPU
	EndGlobalSection
	GlobalSection(SolutionProperties) = preSolution
		HideSolutionNode = FALSE
	EndGlobalSection
	GlobalSection(ExtensibilityGlobals) = postSolution
		SolutionGuid = {907E65C8-BA4A-4D97-985C-56448A2AE375}
	EndGlobalSection
EndGlobal
